
Microsoft Visual Studio Solution File, Format Version 12.00
# Visual Studio Version 16
VisualStudioVersion = 25.0.1705.3
MinimumVisualStudioVersion = 10.0.40219.1
Project("{FAE04EC0-301F-11D3-BF4B-00C04F79EFBC}") = "VSC7HelloWorld", "VSC7HelloWorld\VSC7HelloWorld.csproj", "{72DF5785-C4B6-4250-BCB7-5FDC1D3044B9}"
EndProject
Global
	GlobalSection(SolutionConfigurationPlatforms) = preSolution
		Debug|Any CPU = Debug|Any CPU
		Release|Any CPU = Release|Any CPU
	EndGlobalSection
	GlobalSection(ProjectConfigurationPlatforms) = postSolution
		{72DF5785-C4B6-4250-BCB7-5FDC1D3044B9}.Debug|Any CPU.ActiveCfg = Debug|Any CPU
		{72DF5785-C4B6-4250-BCB7-5FDC1D3044B9}.Debug|Any CPU.Build.0 = Debug|Any CPU
		{72DF5785-C4B6-4250-BCB7-5FDC1D3044B9}.Release|Any CPU.ActiveCfg = Release|Any CPU
		{72DF5785-C4B6-4250-BCB7-5FDC1D3044B9}.Release|Any CPU.Build.0 = Release|Any CPU
	EndGlobalSection
	GlobalSection(SolutionProperties) = preSolution
		HideSolutionNode = FALSE
	EndGlobalSection
	GlobalSection(ExtensibilityGlobals) = postSolution
		SolutionGuid = {2FF1DAC5-F739-4104-8DA4-09E29B7685DA}
	EndGlobalSection
EndGlobal
